<?xml version="1.0" encoding="utf-8"?>
<Project ToolsVersion="4.0" xmlns="http://schemas.microsoft.com/developer/msbuild/2003">
  <ItemGroup>
    <Filter Include="소스 파일">
      <UniqueIdentifier>{4FC737F1-C7A5-4376-A066-2A32D752A2FF}</UniqueIdentifier>
      <Extensions>cpp;c;cc;cxx;def;odl;idl;hpj;bat;asm;asmx</Extensions>
    </Filter>
    <Filter Include="헤더 파일">
      <UniqueIdentifier>{93995380-89BD-4b04-88EB-625FBE52EBFB}</UniqueIdentifier>
      <Extensions>h;hpp;hxx;hm;inl;inc;xsd</Extensions>
    </Filter>
    <Filter Include="리소스 파일">
      <UniqueIdentifier>{67DA6AB6-F800-4c08-8B7A-83BB121AAD01}</UniqueIdentifier>
      <Extensions>rc;ico;cur;bmp;dlg;rc2;rct;bin;rgs;gif;jpg;jpeg;jpe;resx;tiff;tif;png;wav;mfcribbon-ms</Extensions>
    </Filter>
    <Filter Include="헤더 파일\Command">
      <UniqueIdentifier>{288a9183-b45b-461d-a640-8e79f7aeaea4}</UniqueIdentifier>
    </Filter>
    <Filter Include="소스 파일\Command">
      <UniqueIdentifier>{4ccd3e70-7401-4956-a7de-9fa2fd676f2c}</UniqueIdentifier>
    </Filter>
    <Filter Include="소스 파일\Scene">
      <UniqueIdentifier>{49af0639-e07a-437e-8277-2f17679ad19f}</UniqueIdentifier>
    </Filter>
    <Filter Include="헤더 파일\Scene">
      <UniqueIdentifier>{f4f7e635-5b72-4f9a-990c-322c1f24d1b3}</UniqueIdentifier>
    </Filter>
    <Filter Include="소스 파일\Controller">
      <UniqueIdentifier>{378a98f0-9712-4e2b-885a-22854e2e90c2}</UniqueIdentifier>
    </Filter>
    <Filter Include="소스 파일\View">
      <UniqueIdentifier>{f280b913-8e7e-411b-a4c4-ea7c9804d3be}</UniqueIdentifier>
    </Filter>
    <Filter Include="헤더 파일\View">
      <UniqueIdentifier>{dcf459cc-600d-4e5a-a994-374f490b873e}</UniqueIdentifier>
    </Filter>
    <Filter Include="헤더 파일\Controller">
      <UniqueIdentifier>{fafbd845-0c37-4d95-ac20-9ab8dd24a38b}</UniqueIdentifier>
    </Filter>
    <Filter Include="소스 파일\Data">
      <UniqueIdentifier>{906c4ceb-aee9-4137-a995-458e8dbf5b52}</UniqueIdentifier>
    </Filter>
    <Filter Include="헤더 파일\Data">
      <UniqueIdentifier>{12172246-c8cd-4df0-a252-6a5e5ff59b7b}</UniqueIdentifier>
    </Filter>
  </ItemGroup>
  <ItemGroup>
    <ClCompile Include="main.cpp">
      <Filter>소스 파일</Filter>
    </ClCompile>
    <ClCompile Include="sound.cpp">
      <Filter>소스 파일</Filter>
    </ClCompile>
    <ClCompile Include="EnterCommand.cpp">
      <Filter>소스 파일\Command</Filter>
    </ClCompile>
    <ClCompile Include="LeftCommand.cpp">
      <Filter>소스 파일\Command</Filter>
    </ClCompile>
    <ClCompile Include="DoubleBuffer.cpp">
      <Filter>소스 파일</Filter>
    </ClCompile>
    <ClCompile Include="DownCommand.cpp">
      <Filter>소스 파일\Command</Filter>
    </ClCompile>
    <ClCompile Include="RightCommand.cpp">
      <Filter>소스 파일\Command</Filter>
    </ClCompile>
    <ClCompile Include="MainScene.cpp">
      <Filter>소스 파일\Scene</Filter>
    </ClCompile>
    <ClCompile Include="UpCommand.cpp">
      <Filter>소스 파일\Command</Filter>
    </ClCompile>
    <ClCompile Include="Controller.cpp">
      <Filter>소스 파일\Controller</Filter>
    </ClCompile>
    <ClCompile Include="MainSceneView.cpp">
      <Filter>소스 파일\View</Filter>
    </ClCompile>
    <ClCompile Include="GameCtrl.cpp">
      <Filter>소스 파일\Controller</Filter>
    </ClCompile>
    <ClCompile Include="MenuCtrl.cpp">
      <Filter>소스 파일\Controller</Filter>
    </ClCompile>
    <ClCompile Include="GameScene.cpp">
      <Filter>소스 파일\Scene</Filter>
    </ClCompile>
    <ClCompile Include="InputHandler.cpp">
      <Filter>소스 파일\Command</Filter>
    </ClCompile>
    <ClCompile Include="View.cpp">
      <Filter>소스 파일\View</Filter>
    </ClCompile>
    <ClCompile Include="Block.cpp">
      <Filter>소스 파일\Data</Filter>
    </ClCompile>
    <ClCompile Include="GameObj.cpp">
      <Filter>소스 파일\Data</Filter>
    </ClCompile>
    <ClCompile Include="Map.cpp">
      <Filter>소스 파일\Data</Filter>
    </ClCompile>
    <ClCompile Include="Player.cpp">
      <Filter>소스 파일\Data</Filter>
    </ClCompile>
    <ClCompile Include="MapView.cpp">
      <Filter>소스 파일\View</Filter>
    </ClCompile>
    <ClCompile Include="PlayerView.cpp">
      <Filter>소스 파일\View</Filter>
    </ClCompile>
    <ClCompile Include="GameSceneView.cpp">
      <Filter>소스 파일\Scene</Filter>
    </ClCompile>
    <ClCompile Include="PlayerCtrl.cpp">
      <Filter>소스 파일\Controller</Filter>
    </ClCompile>
    <ClCompile Include="RestartScene.cpp">
      <Filter>소스 파일\Scene</Filter>
    </ClCompile>
    <ClCompile Include="MapCtrl.cpp">
      <Filter>소스 파일\Controller</Filter>
    </ClCompile>
    <ClCompile Include="GamePlayData.cpp">
      <Filter>소스 파일\Data</Filter>
    </ClCompile>
    <ClCompile Include="RestartCtrl.cpp">
      <Filter>소스 파일\Controller</Filter>
    </ClCompile>
    <ClCompile Include="RestartSceneView.cpp">
      <Filter>소스 파일\View</Filter>
    </ClCompile>
    <ClCompile Include="SoundManager.cpp">
      <Filter>소스 파일</Filter>
    </ClCompile>
    <ClCompile Include="PlayDataView.cpp">
      <Filter>소스 파일\View</Filter>
    </ClCompile>
    <ClCompile Include="GameClearCtrl.cpp">
      <Filter>소스 파일\Controller</Filter>
    </ClCompile>
    <ClCompile Include="GameClearScene.cpp">
      <Filter>소스 파일\Scene</Filter>
    </ClCompile>
    <ClCompile Include="GameClearView.cpp">
      <Filter>소스 파일\View</Filter>
    </ClCompile>
    <ClCompile Include="ItemCommand.cpp">
      <Filter>소스 파일</Filter>
    </ClCompile>
  </ItemGroup>
  <ItemGroup>
    <ClInclude Include="DoubleBuffer.h">
      <Filter>헤더 파일</Filter>
    </ClInclude>
    <ClInclude Include="sound.h">
      <Filter>헤더 파일</Filter>
    </ClInclude>
    <ClInclude Include="Command.h">
      <Filter>헤더 파일\Command</Filter>
    </ClInclude>
    <ClInclude Include="DownCommand.h">
      <Filter>헤더 파일\Command</Filter>
    </ClInclude>
    <ClInclude Include="EnterCommand.h">
      <Filter>헤더 파일\Command</Filter>
    </ClInclude>
    <ClInclude Include="LeftCommand.h">
      <Filter>헤더 파일\Command</Filter>
    </ClInclude>
    <ClInclude Include="UpCommand.h">
      <Filter>헤더 파일\Command</Filter>
    </ClInclude>
    <ClInclude Include="MainScene.h">
      <Filter>헤더 파일\Scene</Filter>
    </ClInclude>
    <ClInclude Include="MainSceneView.h">
      <Filter>헤더 파일\View</Filter>
    </ClInclude>
    <ClInclude Include="GameCtrl.h">
      <Filter>헤더 파일\Controller</Filter>
    </ClInclude>
    <ClInclude Include="MenuCtrl.h">
      <Filter>헤더 파일\Controller</Filter>
    </ClInclude>
    <ClInclude Include="Controller.h">
      <Filter>헤더 파일\Controller</Filter>
    </ClInclude>
    <ClInclude Include="InputHandler.h">
      <Filter>헤더 파일\Command</Filter>
    </ClInclude>
    <ClInclude Include="GameScene.h">
      <Filter>헤더 파일\Scene</Filter>
    </ClInclude>
    <ClInclude Include="View.h">
      <Filter>헤더 파일\View</Filter>
    </ClInclude>
    <ClInclude Include="Scene.h">
      <Filter>헤더 파일\Scene</Filter>
    </ClInclude>
    <ClInclude Include="Data.h">
      <Filter>헤더 파일\Data</Filter>
    </ClInclude>
    <ClInclude Include="Block.h">
      <Filter>헤더 파일\Data</Filter>
    </ClInclude>
    <ClInclude Include="RightCommand.h">
      <Filter>헤더 파일\Command</Filter>
    </ClInclude>
    <ClInclude Include="GameObj.h">
      <Filter>헤더 파일\Data</Filter>
    </ClInclude>
    <ClInclude Include="Map.h">
      <Filter>헤더 파일\Data</Filter>
    </ClInclude>
    <ClInclude Include="Player.h">
      <Filter>헤더 파일\Data</Filter>
    </ClInclude>
    <ClInclude Include="GameObjDisplay.h">
      <Filter>헤더 파일\View</Filter>
    </ClInclude>
    <ClInclude Include="MapView.h">
      <Filter>헤더 파일\View</Filter>
    </ClInclude>
    <ClInclude Include="PlayerView.h">
      <Filter>헤더 파일\View</Filter>
    </ClInclude>
    <ClInclude Include="GameSceneView.h">
      <Filter>헤더 파일\View</Filter>
    </ClInclude>
    <ClInclude Include="PlayerCtrl.h">
      <Filter>헤더 파일\Controller</Filter>
    </ClInclude>
    <ClInclude Include="MapCtrl.h">
      <Filter>헤더 파일\Controller</Filter>
    </ClInclude>
    <ClInclude Include="RestartScene.h">
      <Filter>헤더 파일\Scene</Filter>
    </ClInclude>
    <ClInclude Include="RestartCtrl.h">
      <Filter>헤더 파일\Controller</Filter>
    </ClInclude>
    <ClInclude Include="GamePlayData.h">
      <Filter>헤더 파일\Data</Filter>
    </ClInclude>
    <ClInclude Include="RestartSceneView.h">
      <Filter>헤더 파일\View</Filter>
    </ClInclude>
    <ClInclude Include="SoundManager.h">
      <Filter>헤더 파일</Filter>
    </ClInclude>
    <ClInclude Include="PlayDataView.h">
      <Filter>헤더 파일\View</Filter>
    </ClInclude>
    <ClInclude Include="GameClearCtrl.h">
      <Filter>헤더 파일\Controller</Filter>
    </ClInclude>
    <ClInclude Include="GameClearScene.h">
      <Filter>헤더 파일\Scene</Filter>
    </ClInclude>
    <ClInclude Include="GameClearView.h">
      <Filter>헤더 파일\View</Filter>
    </ClInclude>
    <ClInclude Include="ItemCommand.h">
      <Filter>헤더 파일</Filter>
    </ClInclude>
  </ItemGroup>
</Project>